// !$*UTF8*$!
{
	archiveVersion = 1;
	classes = {
	};
	objectVersion = 56;
	objects = {

/* Begin PBXBuildFile section */
		4556AB052BE2D09A00FE5425 /* AppDelegate.swift in Sources */ = {isa = PBXBuildFile; fileRef = 4556AB042BE2D09A00FE5425 /* AppDelegate.swift */; };
		4556AB072BE2D09A00FE5425 /* SceneDelegate.swift in Sources */ = {isa = PBXBuildFile; fileRef = 4556AB062BE2D09A00FE5425 /* SceneDelegate.swift */; };
		4556AB092BE2D09A00FE5425 /* ViewController.swift in Sources */ = {isa = PBXBuildFile; fileRef = 4556AB082BE2D09A00FE5425 /* ViewController.swift */; };
		4556AB0C2BE2D09A00FE5425 /* Main.storyboard in Resources */ = {isa = PBXBuildFile; fileRef = 4556AB0A2BE2D09A00FE5425 /* Main.storyboard */; };
		4556AB0E2BE2D09C00FE5425 /* Assets.xcassets in Resources */ = {isa = PBXBuildFile; fileRef = 4556AB0D2BE2D09C00FE5425 /* Assets.xcassets */; };
		4556AB112BE2D09C00FE5425 /* LaunchScreen.storyboard in Resources */ = {isa = PBXBuildFile; fileRef = 4556AB0F2BE2D09C00FE5425 /* LaunchScreen.storyboard */; };
		459015792BE97EC1000943AE /* CryptoRequest.swift in Sources */ = {isa = PBXBuildFile; fileRef = 459015782BE97EC1000943AE /* CryptoRequest.swift */; };
		4590157B2BE97F11000943AE /* Constants.swift in Sources */ = {isa = PBXBuildFile; fileRef = 4590157A2BE97F11000943AE /* Constants.swift */; };
		4590157D2BE97FC1000943AE /* Crypto.swift in Sources */ = {isa = PBXBuildFile; fileRef = 4590157C2BE97FC1000943AE /* Crypto.swift */; };
		45B858752BEACCF000A6FB4D /* CryptoCollectionViewCell.swift in Sources */ = {isa = PBXBuildFile; fileRef = 45B858732BEACCF000A6FB4D /* CryptoCollectionViewCell.swift */; };
		45B858762BEACCF000A6FB4D /* CryptoCollectionViewCell.xib in Resources */ = {isa = PBXBuildFile; fileRef = 45B858742BEACCF000A6FB4D /* CryptoCollectionViewCell.xib */; };
		45B858792BEAD0C200A6FB4D /* ImageExtension.swift in Sources */ = {isa = PBXBuildFile; fileRef = 45B858782BEAD0C200A6FB4D /* ImageExtension.swift */; };
		45E333C42BEC0A7400A2BABE /* CryptoModel.swift in Sources */ = {isa = PBXBuildFile; fileRef = 45E333C32BEC0A7400A2BABE /* CryptoModel.swift */; };
		45E333C62BEC0DE600A2BABE /* StringExtension.swift in Sources */ = {isa = PBXBuildFile; fileRef = 45E333C52BEC0DE600A2BABE /* StringExtension.swift */; };
		45E333C92BEC2A5400A2BABE /* DetailViewController.swift in Sources */ = {isa = PBXBuildFile; fileRef = 45E333C72BEC2A5400A2BABE /* DetailViewController.swift */; };
		45E333CA2BEC2A5400A2BABE /* DetailViewController.xib in Resources */ = {isa = PBXBuildFile; fileRef = 45E333C82BEC2A5400A2BABE /* DetailViewController.xib */; };
/* End PBXBuildFile section */

/* Begin PBXFileReference section */
		4556AB012BE2D09A00FE5425 /* Crypto_App.app */ = {isa = PBXFileReference; explicitFileType = wrapper.application; includeInIndex = 0; path = Crypto_App.app; sourceTree = BUILT_PRODUCTS_DIR; };
		4556AB042BE2D09A00FE5425 /* AppDelegate.swift */ = {isa = PBXFileReference; lastKnownFileType = sourcecode.swift; path = AppDelegate.swift; sourceTree = "<group>"; };
		4556AB062BE2D09A00FE5425 /* SceneDelegate.swift */ = {isa = PBXFileReference; lastKnownFileType = sourcecode.swift; path = SceneDelegate.swift; sourceTree = "<group>"; };
		4556AB082BE2D09A00FE5425 /* ViewController.swift */ = {isa = PBXFileReference; lastKnownFileType = sourcecode.swift; path = ViewController.swift; sourceTree = "<group>"; };
		4556AB0B2BE2D09A00FE5425 /* Base */ = {isa = PBXFileReference; lastKnownFileType = file.storyboard; name = Base; path = Base.lproj/Main.storyboard; sourceTree = "<group>"; };
		4556AB0D2BE2D09C00FE5425 /* Assets.xcassets */ = {isa = PBXFileReference; lastKnownFileType = folder.assetcatalog; path = Assets.xcassets; sourceTree = "<group>"; };
		4556AB102BE2D09C00FE5425 /* Base */ = {isa = PBXFileReference; lastKnownFileType = file.storyboard; name = Base; path = Base.lproj/LaunchScreen.storyboard; sourceTree = "<group>"; };
		4556AB122BE2D09C00FE5425 /* Info.plist */ = {isa = PBXFileReference; lastKnownFileType = text.plist.xml; path = Info.plist; sourceTree = "<group>"; };
		459015782BE97EC1000943AE /* CryptoRequest.swift */ = {isa = PBXFileReference; lastKnownFileType = sourcecode.swift; path = CryptoRequest.swift; sourceTree = "<group>"; };
		4590157A2BE97F11000943AE /* Constants.swift */ = {isa = PBXFileReference; lastKnownFileType = sourcecode.swift; path = Constants.swift; sourceTree = "<group>"; };
		4590157C2BE97FC1000943AE /* Crypto.swift */ = {isa = PBXFileReference; lastKnownFileType = sourcecode.swift; path = Crypto.swift; sourceTree = "<group>"; };
		45B858732BEACCF000A6FB4D /* CryptoCollectionViewCell.swift */ = {isa = PBXFileReference; lastKnownFileType = sourcecode.swift; path = CryptoCollectionViewCell.swift; sourceTree = "<group>"; };
		45B858742BEACCF000A6FB4D /* CryptoCollectionViewCell.xib */ = {isa = PBXFileReference; lastKnownFileType = file.xib; path = CryptoCollectionViewCell.xib; sourceTree = "<group>"; };
		45B858782BEAD0C200A6FB4D /* ImageExtension.swift */ = {isa = PBXFileReference; lastKnownFileType = sourcecode.swift; path = ImageExtension.swift; sourceTree = "<group>"; };
		45E333C32BEC0A7400A2BABE /* CryptoModel.swift */ = {isa = PBXFileReference; lastKnownFileType = sourcecode.swift; path = CryptoModel.swift; sourceTree = "<group>"; };
		45E333C52BEC0DE600A2BABE /* StringExtension.swift */ = {isa = PBXFileReference; lastKnownFileType = sourcecode.swift; path = StringExtension.swift; sourceTree = "<group>"; };
		45E333C72BEC2A5400A2BABE /* DetailViewController.swift */ = {isa = PBXFileReference; lastKnownFileType = sourcecode.swift; path = DetailViewController.swift; sourceTree = "<group>"; };
		45E333C82BEC2A5400A2BABE /* DetailViewController.xib */ = {isa = PBXFileReference; lastKnownFileType = file.xib; path = DetailViewController.xib; sourceTree = "<group>"; };
/* End PBXFileReference section */

/* Begin PBXFrameworksBuildPhase section */
		4556AAFE2BE2D09A00FE5425 /* Frameworks */ = {
			isa = PBXFrameworksBuildPhase;
			buildActionMask = 2147483647;
			files = (
			);
			runOnlyForDeploymentPostprocessing = 0;
		};
/* End PBXFrameworksBuildPhase section */

/* Begin PBXGroup section */
		450ECC242BEAC7A3005D3139 /* CryptoListCell */ = {
			isa = PBXGroup;
			children = (
				45B858732BEACCF000A6FB4D /* CryptoCollectionViewCell.swift */,
				45B858742BEACCF000A6FB4D /* CryptoCollectionViewCell.xib */,
			);
			path = CryptoListCell;
			sourceTree = "<group>";
		};
		4556AAF82BE2D09A00FE5425 = {
			isa = PBXGroup;
			children = (
				4556AB032BE2D09A00FE5425 /* Crypto_App */,
				4556AB022BE2D09A00FE5425 /* Products */,
			);
			sourceTree = "<group>";
		};
		4556AB022BE2D09A00FE5425 /* Products */ = {
			isa = PBXGroup;
			children = (
				4556AB012BE2D09A00FE5425 /* Crypto_App.app */,
			);
			name = Products;
			sourceTree = "<group>";
		};
		4556AB032BE2D09A00FE5425 /* Crypto_App */ = {
			isa = PBXGroup;
			children = (
				45B858772BEAD0A100A6FB4D /* Extensions */,
				459015742BE975F8000943AE /* Model */,
				459015752BE97609000943AE /* View */,
				459015772BE97633000943AE /* View Controller */,
				459015762BE9761B000943AE /* Cell */,
				459015722BE975DA000943AE /* Network */,
				4556AB042BE2D09A00FE5425 /* AppDelegate.swift */,
				4556AB062BE2D09A00FE5425 /* SceneDelegate.swift */,
				4556AB0D2BE2D09C00FE5425 /* Assets.xcassets */,
				4556AB122BE2D09C00FE5425 /* Info.plist */,
			);
			path = Crypto_App;
			sourceTree = "<group>";
		};
		459015722BE975DA000943AE /* Network */ = {
			isa = PBXGroup;
			children = (
				459015782BE97EC1000943AE /* CryptoRequest.swift */,
				4590157A2BE97F11000943AE /* Constants.swift */,
			);
			path = Network;
			sourceTree = "<group>";
		};
		459015742BE975F8000943AE /* Model */ = {
			isa = PBXGroup;
			children = (
				4590157C2BE97FC1000943AE /* Crypto.swift */,
				45E333C32BEC0A7400A2BABE /* CryptoModel.swift */,
			);
			path = Model;
			sourceTree = "<group>";
		};
		459015752BE97609000943AE /* View */ = {
			isa = PBXGroup;
			children = (
				4556AB0A2BE2D09A00FE5425 /* Main.storyboard */,
				45E333C82BEC2A5400A2BABE /* DetailViewController.xib */,
				4556AB0F2BE2D09C00FE5425 /* LaunchScreen.storyboard */,
			);
			path = View;
			sourceTree = "<group>";
		};
		459015762BE9761B000943AE /* Cell */ = {
			isa = PBXGroup;
			children = (
				450ECC242BEAC7A3005D3139 /* CryptoListCell */,
			);
			path = Cell;
			sourceTree = "<group>";
		};
		459015772BE97633000943AE /* View Controller */ = {
			isa = PBXGroup;
			children = (
				4556AB082BE2D09A00FE5425 /* ViewController.swift */,
				45E333C72BEC2A5400A2BABE /* DetailViewController.swift */,
			);
			path = "View Controller";
			sourceTree = "<group>";
		};
		45B858772BEAD0A100A6FB4D /* Extensions */ = {
			isa = PBXGroup;
			children = (
				45B858782BEAD0C200A6FB4D /* ImageExtension.swift */,
				45E333C52BEC0DE600A2BABE /* StringExtension.swift */,
			);
			path = Extensions;
			sourceTree = "<group>";
		};
/* End PBXGroup section */

/* Begin PBXNativeTarget section */
		4556AB002BE2D09A00FE5425 /* Crypto_App */ = {
			isa = PBXNativeTarget;
			buildConfigurationList = 4556AB152BE2D09C00FE5425 /* Build configuration list for PBXNativeTarget "Crypto_App" */;
			buildPhases = (
				4556AAFD2BE2D09A00FE5425 /* Sources */,
				4556AAFE2BE2D09A00FE5425 /* Frameworks */,
				4556AAFF2BE2D09A00FE5425 /* Resources */,
			);
			buildRules = (
			);
			dependencies = (
			);
			name = Crypto_App;
			productName = Crypto_App;
			productReference = 4556AB012BE2D09A00FE5425 /* Crypto_App.app */;
			productType = "com.apple.product-type.application";
		};
/* End PBXNativeTarget section */

/* Begin PBXProject section */
		4556AAF92BE2D09A00FE5425 /* Project object */ = {
			isa = PBXProject;
			attributes = {
				BuildIndependentTargetsInParallel = 1;
				LastSwiftUpdateCheck = 1520;
				LastUpgradeCheck = 1520;
				TargetAttributes = {
					4556AB002BE2D09A00FE5425 = {
						CreatedOnToolsVersion = 15.2;
					};
				};
			};
			buildConfigurationList = 4556AAFC2BE2D09A00FE5425 /* Build configuration list for PBXProject "Crypto_App" */;
			compatibilityVersion = "Xcode 14.0";
			developmentRegion = en;
			hasScannedForEncodings = 0;
			knownRegions = (
				en,
				Base,
			);
			mainGroup = 4556AAF82BE2D09A00FE5425;
			productRefGroup = 4556AB022BE2D09A00FE5425 /* Products */;
			projectDirPath = "";
			projectRoot = "";
			targets = (
				4556AB002BE2D09A00FE5425 /* Crypto_App */,
			);
		};
/* End PBXProject section */

/* Begin PBXResourcesBuildPhase section */
		4556AAFF2BE2D09A00FE5425 /* Resources */ = {
			isa = PBXResourcesBuildPhase;
			buildActionMask = 2147483647;
			files = (
				4556AB112BE2D09C00FE5425 /* LaunchScreen.storyboard in Resources */,
				45B858762BEACCF000A6FB4D /* CryptoCollectionViewCell.xib in Resources */,
				45E333CA2BEC2A5400A2BABE /* DetailViewController.xib in Resources */,
				4556AB0E2BE2D09C00FE5425 /* Assets.xcassets in Resources */,
				4556AB0C2BE2D09A00FE5425 /* Main.storyboard in Resources */,
			);
			runOnlyForDeploymentPostprocessing = 0;
		};
/* End PBXResourcesBuildPhase section */

/* Begin PBXSourcesBuildPhase section */
		4556AAFD2BE2D09A00FE5425 /* Sources */ = {
			isa = PBXSourcesBuildPhase;
			buildActionMask = 2147483647;
			files = (
				45E333C92BEC2A5400A2BABE /* DetailViewController.swift in Sources */,
				45B858792BEAD0C200A6FB4D /* ImageExtension.swift in Sources */,
				45B858752BEACCF000A6FB4D /* CryptoCollectionViewCell.swift in Sources */,
				45E333C62BEC0DE600A2BABE /* StringExtension.swift in Sources */,
				4590157D2BE97FC1000943AE /* Crypto.swift in Sources */,
				45E333C42BEC0A7400A2BABE /* CryptoModel.swift in Sources */,
				4590157B2BE97F11000943AE /* Constants.swift in Sources */,
				459015792BE97EC1000943AE /* CryptoRequest.swift in Sources */,
				4556AB092BE2D09A00FE5425 /* ViewController.swift in Sources */,
				4556AB052BE2D09A00FE5425 /* AppDelegate.swift in Sources */,
				4556AB072BE2D09A00FE5425 /* SceneDelegate.swift in Sources */,
			);
			runOnlyForDeploymentPostprocessing = 0;
		};
/* End PBXSourcesBuildPhase section */

/* Begin PBXVariantGroup section */
		4556AB0A2BE2D09A00FE5425 /* Main.storyboard */ = {
			isa = PBXVariantGroup;
			children = (
				4556AB0B2BE2D09A00FE5425 /* Base */,
			);
			name = Main.storyboard;
			sourceTree = "<group>";
		};
		4556AB0F2BE2D09C00FE5425 /* LaunchScreen.storyboard */ = {
			isa = PBXVariantGroup;
			children = (
				4556AB102BE2D09C00FE5425 /* Base */,
			);
			name = LaunchScreen.storyboard;
			sourceTree = "<group>";
		};
/* End PBXVariantGroup section */

/* Begin XCBuildConfiguration section */
		4556AB132BE2D09C00FE5425 /* Debug */ = {
			isa = XCBuildConfiguration;
			buildSettings = {
				ALWAYS_SEARCH_USER_PATHS = NO;
				ASSETCATALOG_COMPILER_GENERATE_SWIFT_ASSET_SYMBOL_EXTENSIONS = YES;
				CLANG_ANALYZER_NONNULL = YES;
				CLANG_ANALYZER_NUMBER_OBJECT_CONVERSION = YES_AGGRESSIVE;
				CLANG_CXX_LANGUAGE_STANDARD = "gnu++20";
				CLANG_ENABLE_MODULES = YES;
				CLANG_ENABLE_OBJC_ARC = YES;
				CLANG_ENABLE_OBJC_WEAK = YES;
				CLANG_WARN_BLOCK_CAPTURE_AUTORELEASING = YES;
				CLANG_WARN_BOOL_CONVERSION = YES;
				CLANG_WARN_COMMA = YES;
				CLANG_WARN_CONSTANT_CONVERSION = YES;
				CLANG_WARN_DEPRECATED_OBJC_IMPLEMENTATIONS = YES;
				CLANG_WARN_DIRECT_OBJC_ISA_USAGE = YES_ERROR;
				CLANG_WARN_DOCUMENTATION_COMMENTS = YES;
				CLANG_WARN_EMPTY_BODY = YES;
				CLANG_WARN_ENUM_CONVERSION = YES;
				CLANG_WARN_INFINITE_RECURSION = YES;
				CLANG_WARN_INT_CONVERSION = YES;
				CLANG_WARN_NON_LITERAL_NULL_CONVERSION = YES;
				CLANG_WARN_OBJC_IMPLICIT_RETAIN_SELF = YES;
				CLANG_WARN_OBJC_LITERAL_CONVERSION = YES;
				CLANG_WARN_OBJC_ROOT_CLASS = YES_ERROR;
				CLANG_WARN_QUOTED_INCLUDE_IN_FRAMEWORK_HEADER = YES;
				CLANG_WARN_RANGE_LOOP_ANALYSIS = YES;
				CLANG_WARN_STRICT_PROTOTYPES = YES;
				CLANG_WARN_SUSPICIOUS_MOVE = YES;
				CLANG_WARN_UNGUARDED_AVAILABILITY = YES_AGGRESSIVE;
				CLANG_WARN_UNREACHABLE_CODE = YES;
				CLANG_WARN__DUPLICATE_METHOD_MATCH = YES;
				COPY_PHASE_STRIP = NO;
				DEBUG_INFORMATION_FORMAT = dwarf;
				ENABLE_STRICT_OBJC_MSGSEND = YES;
				ENABLE_TESTABILITY = YES;
				ENABLE_USER_SCRIPT_SANDBOXING = YES;
				GCC_C_LANGUAGE_STANDARD = gnu17;
				GCC_DYNAMIC_NO_PIC = NO;
				GCC_NO_COMMON_BLOCKS = YES;
				GCC_OPTIMIZATION_LEVEL = 0;
				GCC_PREPROCESSOR_DEFINITIONS = (
					"DEBUG=1",
					"$(inherited)",
				);
				GCC_WARN_64_TO_32_BIT_CONVERSION = YES;
				GCC_WARN_ABOUT_RETURN_TYPE = YES_ERROR;
				GCC_WARN_UNDECLARED_SELECTOR = YES;
				GCC_WARN_UNINITIALIZED_AUTOS = YES_AGGRESSIVE;
				GCC_WARN_UNUSED_FUNCTION = YES;
				GCC_WARN_UNUSED_VARIABLE = YES;
				IPHONEOS_DEPLOYMENT_TARGET = 17.2;
				LOCALIZATION_PREFERS_STRING_CATALOGS = YES;
				MTL_ENABLE_DEBUG_INFO = INCLUDE_SOURCE;
				MTL_FAST_MATH = YES;
				ONLY_ACTIVE_ARCH = YES;
				SDKROOT = iphoneos;
				SWIFT_ACTIVE_COMPILATION_CONDITIONS = "DEBUG $(inherited)";
				SWIFT_OPTIMIZATION_LEVEL = "-Onone";
			};
			name = Debug;
		};
		4556AB142BE2D09C00FE5425 /* Release */ = {
			isa = XCBuildConfiguration;
			buildSettings = {
				ALWAYS_SEARCH_USER_PATHS = NO;
				ASSETCATALOG_COMPILER_GENERATE_SWIFT_ASSET_SYMBOL_EXTENSIONS = YES;
				CLANG_ANALYZER_NONNULL = YES;
				CLANG_ANALYZER_NUMBER_OBJECT_CONVERSION = YES_AGGRESSIVE;
				CLANG_CXX_LANGUAGE_STANDARD = "gnu++20";
				CLANG_ENABLE_MODULES = YES;
				CLANG_ENABLE_OBJC_ARC = YES;
				CLANG_ENABLE_OBJC_WEAK = YES;
				CLANG_WARN_BLOCK_CAPTURE_AUTORELEASING = YES;
				CLANG_WARN_BOOL_CONVERSION = YES;
				CLANG_WARN_COMMA = YES;
				CLANG_WARN_CONSTANT_CONVERSION = YES;
				CLANG_WARN_DEPRECATED_OBJC_IMPLEMENTATIONS = YES;
				CLANG_WARN_DIRECT_OBJC_ISA_USAGE = YES_ERROR;
				CLANG_WARN_DOCUMENTATION_COMMENTS = YES;
				CLANG_WARN_EMPTY_BODY = YES;
				CLANG_WARN_ENUM_CONVERSION = YES;
				CLANG_WARN_INFINITE_RECURSION = YES;
				CLANG_WARN_INT_CONVERSION = YES;
				CLANG_WARN_NON_LITERAL_NULL_CONVERSION = YES;
				CLANG_WARN_OBJC_IMPLICIT_RETAIN_SELF = YES;
				CLANG_WARN_OBJC_LITERAL_CONVERSION = YES;
				CLANG_WARN_OBJC_ROOT_CLASS = YES_ERROR;
				CLANG_WARN_QUOTED_INCLUDE_IN_FRAMEWORK_HEADER = YES;
				CLANG_WARN_RANGE_LOOP_ANALYSIS = YES;
				CLANG_WARN_STRICT_PROTOTYPES = YES;
				CLANG_WARN_SUSPICIOUS_MOVE = YES;
				CLANG_WARN_UNGUARDED_AVAILABILITY = YES_AGGRESSIVE;
				CLANG_WARN_UNREACHABLE_CODE = YES;
				CLANG_WARN__DUPLICATE_METHOD_MATCH = YES;
				COPY_PHASE_STRIP = NO;
				DEBUG_INFORMATION_FORMAT = "dwarf-with-dsym";
				ENABLE_NS_ASSERTIONS = NO;
				ENABLE_STRICT_OBJC_MSGSEND = YES;
				ENABLE_USER_SCRIPT_SANDBOXING = YES;
				GCC_C_LANGUAGE_STANDARD = gnu17;
				GCC_NO_COMMON_BLOCKS = YES;
				GCC_WARN_64_TO_32_BIT_CONVERSION = YES;
				GCC_WARN_ABOUT_RETURN_TYPE = YES_ERROR;
				GCC_WARN_UNDECLARED_SELECTOR = YES;
				GCC_WARN_UNINITIALIZED_AUTOS = YES_AGGRESSIVE;
				GCC_WARN_UNUSED_FUNCTION = YES;
				GCC_WARN_UNUSED_VARIABLE = YES;
				IPHONEOS_DEPLOYMENT_TARGET = 17.2;
				LOCALIZATION_PREFERS_STRING_CATALOGS = YES;
				MTL_ENABLE_DEBUG_INFO = NO;
				MTL_FAST_MATH = YES;
				SDKROOT = iphoneos;
				SWIFT_COMPILATION_MODE = wholemodule;
				VALIDATE_PRODUCT = YES;
			};
			name = Release;
		};
		4556AB162BE2D09C00FE5425 /* Debug */ = {
			isa = XCBuildConfiguration;
			buildSettings = {
				ASSETCATALOG_COMPILER_APPICON_NAME = AppIcon;
				ASSETCATALOG_COMPILER_GLOBAL_ACCENT_COLOR_NAME = AccentColor;
				CODE_SIGN_STYLE = Automatic;
				CURRENT_PROJECT_VERSION = 1;
				DEVELOPMENT_TEAM = 6T3BXJ38KM;
				GENERATE_INFOPLIST_FILE = YES;
				INFOPLIST_FILE = Crypto_App/Info.plist;
				INFOPLIST_KEY_UIApplicationSupportsIndirectInputEvents = YES;
				INFOPLIST_KEY_UILaunchStoryboardName = LaunchScreen;
				INFOPLIST_KEY_UIMainStoryboardFile = Main;
				INFOPLIST_KEY_UISupportedInterfaceOrientations_iPad = "UIInterfaceOrientationPortrait UIInterfaceOrientationPortraitUpsideDown UIInterfaceOrientationLandscapeLeft UIInterfaceOrientationLandscapeRight";
				INFOPLIST_KEY_UISupportedInterfaceOrientations_iPhone = "UIInterfaceOrientationPortrait UIInterfaceOrientationLandscapeLeft UIInterfaceOrientationLandscapeRight";
				LD_RUNPATH_SEARCH_PATHS = (
					"$(inherited)",
					"@executable_path/Frameworks",
				);
				MARKETING_VERSION = 1.0;
				PRODUCT_BUNDLE_IDENTIFIER = "com.dogukan.Crypto-App";
				PRODUCT_NAME = "$(TARGET_NAME)";
				SWIFT_EMIT_LOC_STRINGS = YES;
				SWIFT_VERSION = 5.0;
				TARGETED_DEVICE_FAMILY = "1,2";
			};
			name = Debug;
		};
		4556AB172BE2D09C00FE5425 /* Release */ = {
			isa = XCBuildConfiguration;
			buildSettings = {
				ASSETCATALOG_COMPILER_APPICON_NAME = AppIcon;
				ASSETCATALOG_COMPILER_GLOBAL_ACCENT_COLOR_NAME = AccentColor;
				CODE_SIGN_STYLE = Automatic;
				CURRENT_PROJECT_VERSION = 1;
				DEVELOPMENT_TEAM = 6T3BXJ38KM;
				GENERATE_INFOPLIST_FILE = YES;
				INFOPLIST_FILE = Crypto_App/Info.plist;
				INFOPLIST_KEY_UIApplicationSupportsIndirectInputEvents = YES;
				INFOPLIST_KEY_UILaunchStoryboardName = LaunchScreen;
				INFOPLIST_KEY_UIMainStoryboardFile = Main;
				INFOPLIST_KEY_UISupportedInterfaceOrientations_iPad = "UIInterfaceOrientationPortrait UIInterfaceOrientationPortraitUpsideDown UIInterfaceOrientationLandscapeLeft UIInterfaceOrientationLandscapeRight";
				INFOPLIST_KEY_UISupportedInterfaceOrientations_iPhone = "UIInterfaceOrientationPortrait UIInterfaceOrientationLandscapeLeft UIInterfaceOrientationLandscapeRight";
				LD_RUNPATH_SEARCH_PATHS = (
					"$(inherited)",
					"@executable_path/Frameworks",
				);
				MARKETING_VERSION = 1.0;
				PRODUCT_BUNDLE_IDENTIFIER = "com.dogukan.Crypto-App";
				PRODUCT_NAME = "$(TARGET_NAME)";
				SWIFT_EMIT_LOC_STRINGS = YES;
				SWIFT_VERSION = 5.0;
				TARGETED_DEVICE_FAMILY = "1,2";
			};
			name = Release;
		};
/* End XCBuildConfiguration section */

/* Begin XCConfigurationList section */
		4556AAFC2BE2D09A00FE5425 /* Build configuration list for PBXProject "Crypto_App" */ = {
			isa = XCConfigurationList;
			buildConfigurations = (
				4556AB132BE2D09C00FE5425 /* Debug */,
				4556AB142BE2D09C00FE5425 /* Release */,
			);
			defaultConfigurationIsVisible = 0;
			defaultConfigurationName = Release;
		};
		4556AB152BE2D09C00FE5425 /* Build configuration list for PBXNativeTarget "Crypto_App" */ = {
			isa = XCConfigurationList;
			buildConfigurations = (
				4556AB162BE2D09C00FE5425 /* Debug */,
				4556AB172BE2D09C00FE5425 /* Release */,
			);
			defaultConfigurationIsVisible = 0;
			defaultConfigurationName = Release;
		};
/* End XCConfigurationList section */
	};
	rootObject = 4556AAF92BE2D09A00FE5425 /* Project object */;
}
